<?xml version="1.0" encoding="utf-8"?>
<Project ToolsVersion="4.0" xmlns="http://schemas.microsoft.com/developer/msbuild/2003">
  <ItemGroup>
    <Filter Include="Header">
      <UniqueIdentifier>{a8768bb2-1541-45be-a9d6-6e4c4acca6d3}</UniqueIdentifier>
    </Filter>
    <Filter Include="Source">
      <UniqueIdentifier>{2d7bd7e7-6950-4d2b-9bc4-ef258f7fefe6}</UniqueIdentifier>
    </Filter>
  </ItemGroup>
  <ItemGroup>
    <ClInclude Include="src\gui\gui.hpp">
      <Filter>Header</Filter>
    </ClInclude>
  </ItemGroup>
  <ItemGroup>
    <ClCompile Include="src\3rdparty\imgui\imgui_draw.cpp">
      <Filter>Source</Filter>
    </ClCompile>
    <ClCompile Include="src\3rdparty\imgui\imgui_impl_glfw.cpp">
      <Filter>Source</Filter>
    </ClCompile>
    <ClCompile Include="src\3rdparty\imgui\imgui_impl_opengl3.cpp">
      <Filter>Source</Filter>
    </ClCompile>
    <ClCompile Include="src\3rdparty\imgui\imgui_tables.cpp">
      <Filter>Source</Filter>
    </ClCompile>
    <ClCompile Include="src\3rdparty\imgui\imgui_widgets.cpp">
      <Filter>Source</Filter>
    </ClCompile>
    <ClCompile Include="src\3rdparty\imgui\imgui.cpp">
      <Filter>Source</Filter>
    </ClCompile>
    <ClCompile Include="src\3rdparty\imgui\imgui_demo.cpp">
      <Filter>Source</Filter>
    </ClCompile>
    <ClCompile Include="src\3rdparty\glad\glad.c">
      <Filter>Source</Filter>
    </ClCompile>
  </ItemGroup>
  <ItemGroup>
    <CudaCompile Include="src\gui\gui.cu">
      <Filter>Source</Filter>
    </CudaCompile>
  </ItemGroup>
</Project>