<?xml version="1.0" encoding="utf-8"?>
<Project ToolsVersion="4.0" xmlns="http://schemas.microsoft.com/developer/msbuild/2003">
  <ItemGroup>
    <Filter Include="Header">
      <UniqueIdentifier>{93995380-89BD-4b04-88EB-625FBE52EBFB}</UniqueIdentifier>
      <Extensions>h;hh;hpp;hxx;h++;hm;inl;inc;ipp;xsd</Extensions>
    </Filter>
    <Filter Include="Source">
      <UniqueIdentifier>{4FC737F1-C7A5-4376-A066-2A32D752A2FF}</UniqueIdentifier>
      <Extensions>cpp;c;cc;cxx;c++;cppm;ixx;def;odl;idl;hpj;bat;asm;asmx</Extensions>
    </Filter>
  </ItemGroup>
  <ItemGroup>
    <ClCompile Include="src\gui\gui.cpp">
      <Filter>Source</Filter>
    </ClCompile>
    <ClCompile Include="src\gui\vk_descriptor.cpp">
      <Filter>Source</Filter>
    </ClCompile>
    <ClCompile Include="src\gui\vk_device.cpp">
      <Filter>Source</Filter>
    </ClCompile>
    <ClCompile Include="src\3rdparty\imgui\imgui.cpp">
      <Filter>Source</Filter>
    </ClCompile>
    <ClCompile Include="src\3rdparty\imgui\imgui_demo.cpp">
      <Filter>Source</Filter>
    </ClCompile>
    <ClCompile Include="src\3rdparty\imgui\imgui_draw.cpp">
      <Filter>Source</Filter>
    </ClCompile>
    <ClCompile Include="src\3rdparty\imgui\imgui_impl_glfw.cpp">
      <Filter>Source</Filter>
    </ClCompile>
    <ClCompile Include="src\3rdparty\imgui\imgui_impl_vulkan.cpp">
      <Filter>Source</Filter>
    </ClCompile>
    <ClCompile Include="src\3rdparty\imgui\imgui_tables.cpp">
      <Filter>Source</Filter>
    </ClCompile>
    <ClCompile Include="src\3rdparty\imgui\imgui_widgets.cpp">
      <Filter>Source</Filter>
    </ClCompile>
    <ClCompile Include="src\gui\vk_render_pass.cpp">
      <Filter>Source</Filter>
    </ClCompile>
    <ClCompile Include="src\gui\vk_swap_chain.cpp">
      <Filter>Source</Filter>
    </ClCompile>
  </ItemGroup>
  <ItemGroup>
    <ClInclude Include="src\gui\vk_device.hpp">
      <Filter>Header</Filter>
    </ClInclude>
    <ClInclude Include="src\gui\vk_render_pass.hpp">
      <Filter>Header</Filter>
    </ClInclude>
    <ClInclude Include="src\gui\vk_swap_chain.hpp">
      <Filter>Header</Filter>
    </ClInclude>
    <ClInclude Include="src\gui\gui.hpp">
      <Filter>Header</Filter>
    </ClInclude>
    <ClInclude Include="src\gui\vk_descriptor.hpp">
      <Filter>Header</Filter>
    </ClInclude>
  </ItemGroup>
</Project>